
Microsoft Visual Studio Solution File, Format Version 12.00
# Visual Studio Version 17
VisualStudioVersion = 17.5.33530.505
MinimumVisualStudioVersion = 10.0.40219.1
Project("{FAE04EC0-301F-11D3-BF4B-00C04F79EFBC}") = "WebApi2_Estudantes", "WebApi2_Estudantes\WebApi2_Estudantes.csproj", "{D14F3A29-DDB6-4188-B122-A9ED41FC6679}"
EndProject
Global
	GlobalSection(SolutionConfigurationPlatforms) = preSolution
		Debug|Any CPU = Debug|Any CPU
		Release|Any CPU = Release|Any CPU
	EndGlobalSection
	GlobalSection(ProjectConfigurationPlatforms) = postSolution
		{D14F3A29-DDB6-4188-B122-A9ED41FC6679}.Debug|Any CPU.ActiveCfg = Debug|Any CPU
		{D14F3A29-DDB6-4188-B122-A9ED41FC6679}.Debug|Any CPU.Build.0 = Debug|Any CPU
		{D14F3A29-DDB6-4188-B122-A9ED41FC6679}.Release|Any CPU.ActiveCfg = Release|Any CPU
		{D14F3A29-DDB6-4188-B122-A9ED41FC6679}.Release|Any CPU.Build.0 = Release|Any CPU
	EndGlobalSection
	GlobalSection(SolutionProperties) = preSolution
		HideSolutionNode = FALSE
	EndGlobalSection
	GlobalSection(ExtensibilityGlobals) = postSolution
		SolutionGuid = {FEC67ABD-9D8B-4A56-BC59-DE780CBE29C7}
	EndGlobalSection
EndGlobal
